
Microsoft Visual Studio Solution File, Format Version 12.00
# Visual Studio Version 17
VisualStudioVersion = 17.3.32901.215
MinimumVisualStudioVersion = 10.0.40219.1
Project("{FAE04EC0-301F-11D3-BF4B-00C04F79EFBC}") = "PersonalSite", "PersonalSite\PersonalSite.csproj", "{E525D926-76FE-4A00-A5DA-F8C9F0D36D07}"
EndProject
Global
	GlobalSection(SolutionConfigurationPlatforms) = preSolution
		Debug|Any CPU = Debug|Any CPU
		Release|Any CPU = Release|Any CPU
	EndGlobalSection
	GlobalSection(ProjectConfigurationPlatforms) = postSolution
		{E525D926-76FE-4A00-A5DA-F8C9F0D36D07}.Debug|Any CPU.ActiveCfg = Debug|Any CPU
		{E525D926-76FE-4A00-A5DA-F8C9F0D36D07}.Debug|Any CPU.Build.0 = Debug|Any CPU
		{E525D926-76FE-4A00-A5DA-F8C9F0D36D07}.Release|Any CPU.ActiveCfg = Release|Any CPU
		{E525D926-76FE-4A00-A5DA-F8C9F0D36D07}.Release|Any CPU.Build.0 = Release|Any CPU
	EndGlobalSection
	GlobalSection(SolutionProperties) = preSolution
		HideSolutionNode = FALSE
	EndGlobalSection
	GlobalSection(ExtensibilityGlobals) = postSolution
		SolutionGuid = {88B17A9B-AA47-4B52-9FB0-2E5DE594C385}
	EndGlobalSection
EndGlobal
